
Microsoft Visual Studio Solution File, Format Version 12.00
# Visual Studio Version 16
VisualStudioVersion = 16.0.31005.135
MinimumVisualStudioVersion = 10.0.40219.1
Project("{FAE04EC0-301F-11D3-BF4B-00C04F79EFBC}") = "Elephant", "Elephant.csproj", "{485AFC77-0C22-4E08-9858-59E28A37005D}"
EndProject
Global
	GlobalSection(SolutionConfigurationPlatforms) = preSolution
		Debug|Any CPU = Debug|Any CPU
		Release|Any CPU = Release|Any CPU
	EndGlobalSection
	GlobalSection(ProjectConfigurationPlatforms) = postSolution
		{485AFC77-0C22-4E08-9858-59E28A37005D}.Debug|Any CPU.ActiveCfg = Debug|Any CPU
		{485AFC77-0C22-4E08-9858-59E28A37005D}.Debug|Any CPU.Build.0 = Debug|Any CPU
		{485AFC77-0C22-4E08-9858-59E28A37005D}.Release|Any CPU.ActiveCfg = Release|Any CPU
		{485AFC77-0C22-4E08-9858-59E28A37005D}.Release|Any CPU.Build.0 = Release|Any CPU
	EndGlobalSection
	GlobalSection(SolutionProperties) = preSolution
		HideSolutionNode = FALSE
	EndGlobalSection
	GlobalSection(ExtensibilityGlobals) = postSolution
		SolutionGuid = {06C9305E-9BC9-4CA9-A71D-C031A95AC567}
	EndGlobalSection
EndGlobal
